<?xml version="1.0" encoding="utf-8"?>
<Project ToolsVersion="4.0" xmlns="http://schemas.microsoft.com/developer/msbuild/2003">
  <ItemGroup>
    <Filter Include="Source Files">
      <UniqueIdentifier>{4FC737F1-C7A5-4376-A066-2A32D752A2FF}</UniqueIdentifier>
      <Extensions>cpp;c;cc;cxx;def;odl;idl;hpj;bat;asm;asmx</Extensions>
    </Filter>
    <Filter Include="Header Files">
      <UniqueIdentifier>{93995380-89BD-4b04-88EB-625FBE52EBFB}</UniqueIdentifier>
      <Extensions>h;hpp;hxx;hm;inl;inc;xsd</Extensions>
    </Filter>
    <Filter Include="Resource Files">
      <UniqueIdentifier>{67DA6AB6-F800-4c08-8B7A-83BB121AAD01}</UniqueIdentifier>
      <Extensions>rc;ico;cur;bmp;dlg;rc2;rct;bin;rgs;gif;jpg;jpeg;jpe;resx;tiff;tif;png;wav;mfcribbon-ms</Extensions>
    </Filter>
    <Filter Include="langext">
      <UniqueIdentifier>{3b3528db-0302-427c-b27a-80bbe160438f}</UniqueIdentifier>
    </Filter>
    <Filter Include="sqlite-amalgamation">
      <UniqueIdentifier>{9e07c802-539d-482e-a94e-8b0bf6e7ec60}</UniqueIdentifier>
    </Filter>
  </ItemGroup>
  <ItemGroup>
    <ClCompile Include="..\..\..\src\dgr2\appender.cpp">
      <Filter>Source Files</Filter>
    </ClCompile>
    <ClCompile Include="..\..\..\src\dgr2\consoleAppender.cpp">
      <Filter>Source Files</Filter>
    </ClCompile>
    <ClCompile Include="..\..\..\src\dgr2\defAppender.cpp">
      <Filter>Source Files</Filter>
    </ClCompile>
    <ClCompile Include="..\..\..\src\dgr2\fileAppender.cpp">
      <Filter>Source Files</Filter>
    </ClCompile>
    <ClCompile Include="..\..\..\src\dgr2\levelFilter.cpp">
      <Filter>Source Files</Filter>
    </ClCompile>
    <ClCompile Include="..\..\..\src\dgr2\levels.cpp">
      <Filter>Source Files</Filter>
    </ClCompile>
    <ClCompile Include="..\..\..\src\dgr2\log.cpp">
      <Filter>Source Files</Filter>
    </ClCompile>
    <ClCompile Include="..\..\..\src\dgr2\logger.cpp">
      <Filter>Source Files</Filter>
    </ClCompile>
    <ClCompile Include="..\..\..\src\dgr2\loggerMgr.cpp">
      <Filter>Source Files</Filter>
    </ClCompile>
    <ClCompile Include="..\..\..\src\dgr2\ostreamAppender.cpp">
      <Filter>Source Files</Filter>
    </ClCompile>
    <ClCompile Include="..\..\..\src\dgr2\sqlite3Appender.cpp">
      <Filter>Source Files</Filter>
    </ClCompile>
    <ClCompile Include="..\..\..\src\dgr2\standardFormatter.cpp">
      <Filter>Source Files</Filter>
    </ClCompile>
    <ClCompile Include="..\..\..\src\dgr2\tracer.cpp">
      <Filter>Source Files</Filter>
    </ClCompile>
    <ClCompile Include="..\..\..\src\dgr2\xmlAppender.cpp">
      <Filter>Source Files</Filter>
    </ClCompile>
    <ClCompile Include="..\..\..\src\dgr2\langext\locks.cpp">
      <Filter>langext</Filter>
    </ClCompile>
    <ClCompile Include="..\..\..\src\dgr2\langext\platform.cpp">
      <Filter>langext</Filter>
    </ClCompile>
    <ClCompile Include="..\..\..\src\dgr2\langext\xtext.cpp">
      <Filter>langext</Filter>
    </ClCompile>
    <ClCompile Include="..\..\..\src\dgr2\langext\xtime.cpp">
      <Filter>langext</Filter>
    </ClCompile>
    <ClCompile Include="..\..\..\src\dgr2\sqlite-amalgamation\shell.c">
      <Filter>sqlite-amalgamation</Filter>
    </ClCompile>
    <ClCompile Include="..\..\..\src\dgr2\sqlite-amalgamation\sqlite3.c">
      <Filter>sqlite-amalgamation</Filter>
    </ClCompile>
  </ItemGroup>
  <ItemGroup>
    <ClInclude Include="..\..\..\src\dgr2\appender.h">
      <Filter>Header Files</Filter>
    </ClInclude>
    <ClInclude Include="..\..\..\src\dgr2\consoleAppender.h">
      <Filter>Header Files</Filter>
    </ClInclude>
    <ClInclude Include="..\..\..\src\dgr2\defAppender.h">
      <Filter>Header Files</Filter>
    </ClInclude>
    <ClInclude Include="..\..\..\src\dgr2\dgr2.h">
      <Filter>Header Files</Filter>
    </ClInclude>
    <ClInclude Include="..\..\..\src\dgr2\dgr2Exporter.h">
      <Filter>Header Files</Filter>
    </ClInclude>
    <ClInclude Include="..\..\..\src\dgr2\dgr2Macro.h">
      <Filter>Header Files</Filter>
    </ClInclude>
    <ClInclude Include="..\..\..\src\dgr2\dgrObject.h">
      <Filter>Header Files</Filter>
    </ClInclude>
    <ClInclude Include="..\..\..\src\dgr2\fileAppender.h">
      <Filter>Header Files</Filter>
    </ClInclude>
    <ClInclude Include="..\..\..\src\dgr2\filter.h">
      <Filter>Header Files</Filter>
    </ClInclude>
    <ClInclude Include="..\..\..\src\dgr2\formatter.h">
      <Filter>Header Files</Filter>
    </ClInclude>
    <ClInclude Include="..\..\..\src\dgr2\level.h">
      <Filter>Header Files</Filter>
    </ClInclude>
    <ClInclude Include="..\..\..\src\dgr2\levelFilter.h">
      <Filter>Header Files</Filter>
    </ClInclude>
    <ClInclude Include="..\..\..\src\dgr2\levels.h">
      <Filter>Header Files</Filter>
    </ClInclude>
    <ClInclude Include="..\..\..\src\dgr2\log.h">
      <Filter>Header Files</Filter>
    </ClInclude>
    <ClInclude Include="..\..\..\src\dgr2\logger.h">
      <Filter>Header Files</Filter>
    </ClInclude>
    <ClInclude Include="..\..\..\src\dgr2\loggerMgr.h">
      <Filter>Header Files</Filter>
    </ClInclude>
    <ClInclude Include="..\..\..\src\dgr2\logTag.h">
      <Filter>Header Files</Filter>
    </ClInclude>
    <ClInclude Include="..\..\..\src\dgr2\ostreamAppender.h">
      <Filter>Header Files</Filter>
    </ClInclude>
    <ClInclude Include="..\..\..\src\dgr2\sqlite3Appender.h">
      <Filter>Header Files</Filter>
    </ClInclude>
    <ClInclude Include="..\..\..\src\dgr2\standardFormatter.h">
      <Filter>Header Files</Filter>
    </ClInclude>
    <ClInclude Include="..\..\..\src\dgr2\tracer.h">
      <Filter>Header Files</Filter>
    </ClInclude>
    <ClInclude Include="..\..\..\src\dgr2\xmlAppender.h">
      <Filter>Header Files</Filter>
    </ClInclude>
    <ClInclude Include="..\..\..\src\dgr2\langext\autoLock.hpp">
      <Filter>langext</Filter>
    </ClInclude>
    <ClInclude Include="..\..\..\src\dgr2\langext\basicType.h">
      <Filter>langext</Filter>
    </ClInclude>
    <ClInclude Include="..\..\..\src\dgr2\langext\locks.h">
      <Filter>langext</Filter>
    </ClInclude>
    <ClInclude Include="..\..\..\src\dgr2\langext\platform.h">
      <Filter>langext</Filter>
    </ClInclude>
    <ClInclude Include="..\..\..\src\dgr2\langext\uncopyable.hpp">
      <Filter>langext</Filter>
    </ClInclude>
    <ClInclude Include="..\..\..\src\dgr2\langext\xtext.h">
      <Filter>langext</Filter>
    </ClInclude>
    <ClInclude Include="..\..\..\src\dgr2\langext\xtime.h">
      <Filter>langext</Filter>
    </ClInclude>
    <ClInclude Include="..\..\..\src\dgr2\sqlite-amalgamation\sqlite3.h">
      <Filter>sqlite-amalgamation</Filter>
    </ClInclude>
    <ClInclude Include="..\..\..\src\dgr2\sqlite-amalgamation\sqlite3ext.h">
      <Filter>sqlite-amalgamation</Filter>
    </ClInclude>
  </ItemGroup>
</Project>